
Microsoft Visual Studio Solution File, Format Version 12.00
# Visual Studio 15
VisualStudioVersion = 15.0.28307.329
MinimumVisualStudioVersion = 10.0.40219.1
Project("{8BC9CEB8-8B4A-11D0-8D11-00A0C91BC942}") = "BitMap", "BitMap\BitMap.vcxproj", "{A86E46B2-5D9D-4C45-89B2-287C636E4D0E}"
EndProject
Global
	GlobalSection(SolutionConfigurationPlatforms) = preSolution
		Debug|x64 = Debug|x64
		Debug|x86 = Debug|x86
		Release|x64 = Release|x64
		Release|x86 = Release|x86
	EndGlobalSection
	GlobalSection(ProjectConfigurationPlatforms) = postSolution
		{A86E46B2-5D9D-4C45-89B2-287C636E4D0E}.Debug|x64.ActiveCfg = Debug|x64
		{A86E46B2-5D9D-4C45-89B2-287C636E4D0E}.Debug|x64.Build.0 = Debug|x64
		{A86E46B2-5D9D-4C45-89B2-287C636E4D0E}.Debug|x86.ActiveCfg = Debug|Win32
		{A86E46B2-5D9D-4C45-89B2-287C636E4D0E}.Debug|x86.Build.0 = Debug|Win32
		{A86E46B2-5D9D-4C45-89B2-287C636E4D0E}.Release|x64.ActiveCfg = Release|x64
		{A86E46B2-5D9D-4C45-89B2-287C636E4D0E}.Release|x64.Build.0 = Release|x64
		{A86E46B2-5D9D-4C45-89B2-287C636E4D0E}.Release|x86.ActiveCfg = Release|Win32
		{A86E46B2-5D9D-4C45-89B2-287C636E4D0E}.Release|x86.Build.0 = Release|Win32
	EndGlobalSection
	GlobalSection(SolutionProperties) = preSolution
		HideSolutionNode = FALSE
	EndGlobalSection
	GlobalSection(ExtensibilityGlobals) = postSolution
		SolutionGuid = {00AD2C09-C405-4A4F-9BDC-8887000E1511}
	EndGlobalSection
EndGlobal
